{
  "requires": true,
  "lockfileVersion": 1,
  "dependencies": {
    "@tailwindcss/forms": {
      "version": "0.5.0",
      "resolved": "https://registry.npmjs.org/@tailwindcss/forms/-/forms-0.5.0.tgz",
      "integrity": "sha512-KzWugryEBFkmoaYcBE18rs6gthWCFHHO7cAZm2/hv3hwD67AzwP7udSCa22E7R1+CEJL/FfhYsJWrc0b1aeSzw==",
      "requires": {
        "mini-svg-data-uri": "^1.2.3"
      }
    },
    "censor-sensor": {
      "version": "1.0.6",
      "resolved": "https://registry.npmjs.org/censor-sensor/-/censor-sensor-1.0.6.tgz",
      "integrity": "sha512-+2p0pCVWIkcp9JWVmDgnfQlzpDQsefXIra8KSqVSNrnEkSOcYT/tkDu/umDmTZ39c1JH9+ItijasUJIkRlb8dQ=="
    },
    "mini-svg-data-uri": {
      "version": "1.4.4",
      "resolved": "https://registry.npmjs.org/mini-svg-data-uri/-/mini-svg-data-uri-1.4.4.tgz",
      "integrity": "sha512-r9deDe9p5FJUPZAk3A59wGH7Ii9YrjjWw0jmw/liSbHl2CHiyXj6FcDXDu2K3TjVAXqiJdaw3xxwlZZr9E6nHg=="
    },
    "prettier": {
      "version": "2.6.0",
      "resolved": "https://registry.npmjs.org/prettier/-/prettier-2.6.0.tgz",
      "integrity": "sha512-m2FgJibYrBGGgQXNzfd0PuDGShJgRavjUoRCw1mZERIWVSXF0iLzLm+aOqTAbLnC3n6JzUhAA8uZnFVghHJ86A=="
    }
  }
}
